
Microsoft Visual Studio Solution File, Format Version 12.00
# Visual Studio Version 16
VisualStudioVersion = 16.0.34601.136
MinimumVisualStudioVersion = 10.0.40219.1
Project("{FAE04EC0-301F-11D3-BF4B-00C04F79EFBC}") = "MyPortfolioProject", "MyPortfolioProject\MyPortfolioProject.csproj", "{323B6FCD-C47C-4DF4-AAF7-D264D075ED74}"
EndProject
Global
	GlobalSection(SolutionConfigurationPlatforms) = preSolution
		Debug|Any CPU = Debug|Any CPU
		Release|Any CPU = Release|Any CPU
	EndGlobalSection
	GlobalSection(ProjectConfigurationPlatforms) = postSolution
		{323B6FCD-C47C-4DF4-AAF7-D264D075ED74}.Debug|Any CPU.ActiveCfg = Debug|Any CPU
		{323B6FCD-C47C-4DF4-AAF7-D264D075ED74}.Debug|Any CPU.Build.0 = Debug|Any CPU
		{323B6FCD-C47C-4DF4-AAF7-D264D075ED74}.Release|Any CPU.ActiveCfg = Release|Any CPU
		{323B6FCD-C47C-4DF4-AAF7-D264D075ED74}.Release|Any CPU.Build.0 = Release|Any CPU
	EndGlobalSection
	GlobalSection(SolutionProperties) = preSolution
		HideSolutionNode = FALSE
	EndGlobalSection
	GlobalSection(ExtensibilityGlobals) = postSolution
		SolutionGuid = {A54DDF1A-37B4-42D2-9C03-4CAFEB10CDE2}
	EndGlobalSection
EndGlobal
